// !$*UTF8*$!
{
	archiveVersion = 1;
	classes = {
	};
	objectVersion = 46;
	objects = {

/* Begin PBXBuildFile section */
		01EA52C8885A4372883178C8 /* CoreVideo.framework in Frameworks */ = {isa = PBXBuildFile; fileRef = B5E83B8E50B9D1E2006EDE82 /* CoreVideo.framework */; };
		08F425EC4061477C86FF2F8F /* CoreMedia.framework in Frameworks */ = {isa = PBXBuildFile; fileRef = 902C357EE4288652BF1C3C11 /* CoreMedia.framework */; };
		15B86A176683AADAD0D8E3D3 /* Pods_WorkoutCounter.framework in Frameworks */ = {isa = PBXBuildFile; fileRef = 3A0C79D0F6366630A3EF4964 /* Pods_WorkoutCounter.framework */; };
		70E7422BDB8CC4748BD9DFE7 /* CoreTelephony.framework in Frameworks */ = {isa = PBXBuildFile; fileRef = 60D81E8145EE33E5505136B3 /* CoreTelephony.framework */; };
		75AC3B87D1EA4AA1C0A1624C /* AVFoundation.framework in Frameworks */ = {isa = PBXBuildFile; fileRef = 327E19413E5A69118891F753 /* AVFoundation.framework */; };
		93018845F17EBBBE5750A2FF /* SystemConfiguration.framework in Frameworks */ = {isa = PBXBuildFile; fileRef = F357FD99EB705456B39642FD /* SystemConfiguration.framework */; };
		C4314FE8249E3D4E00DC443A /* RootCoordinator.swift in Sources */ = {isa = PBXBuildFile; fileRef = C4314FE7249E3D4E00DC443A /* RootCoordinator.swift */; };
		C4314FEA249E68D300DC443A /* GoogleService-Info.plist in Resources */ = {isa = PBXBuildFile; fileRef = C4314FE9249E68D300DC443A /* GoogleService-Info.plist */; };
		C4314FEE249FED8700DC443A /* StoryboardCoordinator.swift in Sources */ = {isa = PBXBuildFile; fileRef = C462F9341EAA9E280094962C /* StoryboardCoordinator.swift */; };
		C4314FF0249FEDB400DC443A /* Extensions_.swift in Sources */ = {isa = PBXBuildFile; fileRef = C4314FEF249FEDB400DC443A /* Extensions_.swift */; };
		C4314FF1249FEE4600DC443A /* AuthProvider.swift in Sources */ = {isa = PBXBuildFile; fileRef = C44EDBDC1EA7E07600751707 /* AuthProvider.swift */; };
		C4314FF2249FEE9600DC443A /* ActivityView.xib in Resources */ = {isa = PBXBuildFile; fileRef = C4270E3C1EACE94600F11809 /* ActivityView.xib */; };
		C44EDBD11EA7DDA200751707 /* Profile.storyboard in Resources */ = {isa = PBXBuildFile; fileRef = C44EDBD01EA7DDA200751707 /* Profile.storyboard */; };
		C44EDBD31EA7DDC000751707 /* ProfileCoordinator.swift in Sources */ = {isa = PBXBuildFile; fileRef = C44EDBD21EA7DDC000751707 /* ProfileCoordinator.swift */; };
		C44EDBD51EA7DE3100751707 /* ProfileViewController.swift in Sources */ = {isa = PBXBuildFile; fileRef = C44EDBD41EA7DE3100751707 /* ProfileViewController.swift */; };
		C44EDBDB1EA7DF8800751707 /* ApplicationCoordinator.swift in Sources */ = {isa = PBXBuildFile; fileRef = C44EDBDA1EA7DF8800751707 /* ApplicationCoordinator.swift */; };
		C44EDBDF1EA7E12200751707 /* AuthCoordinator.swift in Sources */ = {isa = PBXBuildFile; fileRef = C44EDBDE1EA7E12200751707 /* AuthCoordinator.swift */; };
		CCB56C0AE0847CACF61BB51E /* AssetsLibrary.framework in Frameworks */ = {isa = PBXBuildFile; fileRef = 88261B3D6EF7EA32A14119C1 /* AssetsLibrary.framework */; };
		D5566D9F1E9BB34E00503C91 /* AppDelegate.swift in Sources */ = {isa = PBXBuildFile; fileRef = D5566D9E1E9BB34E00503C91 /* AppDelegate.swift */; };
		D5566DAB1E9BB34E00503C91 /* Assets.xcassets in Resources */ = {isa = PBXBuildFile; fileRef = D5566DAA1E9BB34E00503C91 /* Assets.xcassets */; };
		D5566DAE1E9BB34E00503C91 /* LaunchScreen.storyboard in Resources */ = {isa = PBXBuildFile; fileRef = D5566DAC1E9BB34E00503C91 /* LaunchScreen.storyboard */; };
		E2823863BCA5B96E850B2170 /* CoreText.framework in Frameworks */ = {isa = PBXBuildFile; fileRef = 555C8497810A22B2A21FF305 /* CoreText.framework */; };
		FD013A891E738E781E853D84 /* QuartzCore.framework in Frameworks */ = {isa = PBXBuildFile; fileRef = F0BB3144AFF6974ED4EAD36B /* QuartzCore.framework */; };
/* End PBXBuildFile section */

/* Begin PBXFileReference section */
		327E19413E5A69118891F753 /* AVFoundation.framework */ = {isa = PBXFileReference; lastKnownFileType = wrapper.framework; name = AVFoundation.framework; path = System/Library/Frameworks/AVFoundation.framework; sourceTree = SDKROOT; };
		3A0C79D0F6366630A3EF4964 /* Pods_WorkoutCounter.framework */ = {isa = PBXFileReference; explicitFileType = wrapper.framework; includeInIndex = 0; path = Pods_WorkoutCounter.framework; sourceTree = BUILT_PRODUCTS_DIR; };
		555C8497810A22B2A21FF305 /* CoreText.framework */ = {isa = PBXFileReference; lastKnownFileType = wrapper.framework; name = CoreText.framework; path = System/Library/Frameworks/CoreText.framework; sourceTree = SDKROOT; };
		60D81E8145EE33E5505136B3 /* CoreTelephony.framework */ = {isa = PBXFileReference; lastKnownFileType = wrapper.framework; name = CoreTelephony.framework; path = System/Library/Frameworks/CoreTelephony.framework; sourceTree = SDKROOT; };
		65E5B487E943284966FC1CAE /* Pods-WorkoutCounter.debug.xcconfig */ = {isa = PBXFileReference; includeInIndex = 1; lastKnownFileType = text.xcconfig; name = "Pods-WorkoutCounter.debug.xcconfig"; path = "Pods/Target Support Files/Pods-WorkoutCounter/Pods-WorkoutCounter.debug.xcconfig"; sourceTree = "<group>"; };
		88261B3D6EF7EA32A14119C1 /* AssetsLibrary.framework */ = {isa = PBXFileReference; lastKnownFileType = wrapper.framework; name = AssetsLibrary.framework; path = System/Library/Frameworks/AssetsLibrary.framework; sourceTree = SDKROOT; };
		889342C72B06F02F20ED1AB3 /* Pods-WorkoutCounter.release.xcconfig */ = {isa = PBXFileReference; includeInIndex = 1; lastKnownFileType = text.xcconfig; name = "Pods-WorkoutCounter.release.xcconfig"; path = "Pods/Target Support Files/Pods-WorkoutCounter/Pods-WorkoutCounter.release.xcconfig"; sourceTree = "<group>"; };
		902C357EE4288652BF1C3C11 /* CoreMedia.framework */ = {isa = PBXFileReference; lastKnownFileType = wrapper.framework; name = CoreMedia.framework; path = System/Library/Frameworks/CoreMedia.framework; sourceTree = SDKROOT; };
		B5E83B8E50B9D1E2006EDE82 /* CoreVideo.framework */ = {isa = PBXFileReference; lastKnownFileType = wrapper.framework; name = CoreVideo.framework; path = System/Library/Frameworks/CoreVideo.framework; sourceTree = SDKROOT; };
		C4270E381EACBA8E00F11809 /* FirebaseManager+Creation.swift */ = {isa = PBXFileReference; fileEncoding = 4; lastKnownFileType = sourcecode.swift; path = "FirebaseManager+Creation.swift"; sourceTree = "<group>"; };
		C4270E3C1EACE94600F11809 /* ActivityView.xib */ = {isa = PBXFileReference; fileEncoding = 4; lastKnownFileType = file.xib; path = ActivityView.xib; sourceTree = "<group>"; };
		C4270E3E1EACEF5E00F11809 /* WorkoutTypeCreateViewController.swift */ = {isa = PBXFileReference; fileEncoding = 4; lastKnownFileType = sourcecode.swift; path = WorkoutTypeCreateViewController.swift; sourceTree = "<group>"; };
		C4270E421EAD3AE300F11809 /* SessionsViewController.swift */ = {isa = PBXFileReference; fileEncoding = 4; lastKnownFileType = sourcecode.swift; path = SessionsViewController.swift; sourceTree = "<group>"; };
		C4314FE7249E3D4E00DC443A /* RootCoordinator.swift */ = {isa = PBXFileReference; lastKnownFileType = sourcecode.swift; path = RootCoordinator.swift; sourceTree = "<group>"; };
		C4314FE9249E68D300DC443A /* GoogleService-Info.plist */ = {isa = PBXFileReference; fileEncoding = 4; lastKnownFileType = text.plist.xml; path = "GoogleService-Info.plist"; sourceTree = "<group>"; };
		C4314FEF249FEDB400DC443A /* Extensions_.swift */ = {isa = PBXFileReference; lastKnownFileType = sourcecode.swift; path = Extensions_.swift; sourceTree = "<group>"; };
		C44EDBBD1EA3E1E500751707 /* WorkoutDetailViewController.swift */ = {isa = PBXFileReference; fileEncoding = 4; lastKnownFileType = sourcecode.swift; path = WorkoutDetailViewController.swift; sourceTree = "<group>"; };
		C44EDBBF1EA40D8400751707 /* SessionCell.swift */ = {isa = PBXFileReference; fileEncoding = 4; lastKnownFileType = sourcecode.swift; name = SessionCell.swift; path = WorkoutCounter/SessionCell.swift; sourceTree = "<group>"; };
		C44EDBC31EA68A2300751707 /* WorkoutCounter.entitlements */ = {isa = PBXFileReference; lastKnownFileType = text.plist.entitlements; path = WorkoutCounter.entitlements; sourceTree = "<group>"; };
		C44EDBC51EA6A97B00751707 /* FirebaseManager+Downloading.swift */ = {isa = PBXFileReference; fileEncoding = 4; lastKnownFileType = sourcecode.swift; path = "FirebaseManager+Downloading.swift"; sourceTree = "<group>"; };
		C44EDBD01EA7DDA200751707 /* Profile.storyboard */ = {isa = PBXFileReference; fileEncoding = 4; lastKnownFileType = file.storyboard; path = Profile.storyboard; sourceTree = "<group>"; };
		C44EDBD21EA7DDC000751707 /* ProfileCoordinator.swift */ = {isa = PBXFileReference; fileEncoding = 4; lastKnownFileType = sourcecode.swift; path = ProfileCoordinator.swift; sourceTree = "<group>"; };
		C44EDBD41EA7DE3100751707 /* ProfileViewController.swift */ = {isa = PBXFileReference; fileEncoding = 4; lastKnownFileType = sourcecode.swift; path = ProfileViewController.swift; sourceTree = "<group>"; };
		C44EDBDA1EA7DF8800751707 /* ApplicationCoordinator.swift */ = {isa = PBXFileReference; fileEncoding = 4; lastKnownFileType = sourcecode.swift; path = ApplicationCoordinator.swift; sourceTree = "<group>"; };
		C44EDBDC1EA7E07600751707 /* AuthProvider.swift */ = {isa = PBXFileReference; fileEncoding = 4; lastKnownFileType = sourcecode.swift; path = AuthProvider.swift; sourceTree = "<group>"; };
		C44EDBDE1EA7E12200751707 /* AuthCoordinator.swift */ = {isa = PBXFileReference; fileEncoding = 4; lastKnownFileType = sourcecode.swift; path = AuthCoordinator.swift; sourceTree = "<group>"; };
		C462F9271EAA91390094962C /* WorkoutTypeCoordinator.swift */ = {isa = PBXFileReference; fileEncoding = 4; lastKnownFileType = sourcecode.swift; path = WorkoutTypeCoordinator.swift; sourceTree = "<group>"; };
		C462F9291EAA91CE0094962C /* WorkoutType.storyboard */ = {isa = PBXFileReference; fileEncoding = 4; lastKnownFileType = file.storyboard; path = WorkoutType.storyboard; sourceTree = "<group>"; };
		C462F92B1EAA94DE0094962C /* WorkoutTypesViewController.swift */ = {isa = PBXFileReference; fileEncoding = 4; lastKnownFileType = sourcecode.swift; path = WorkoutTypesViewController.swift; sourceTree = "<group>"; };
		C462F92D1EAA95140094962C /* WorkoutTypeCell.swift */ = {isa = PBXFileReference; fileEncoding = 4; lastKnownFileType = sourcecode.swift; path = WorkoutTypeCell.swift; sourceTree = "<group>"; };
		C462F9301EAA993B0094962C /* WorkoutCreate.storyboard */ = {isa = PBXFileReference; fileEncoding = 4; lastKnownFileType = file.storyboard; name = WorkoutCreate.storyboard; path = WorkoutCounter/WorkoutCreate.storyboard; sourceTree = "<group>"; };
		C462F9321EAA99770094962C /* WorkoutCreateCoordinator.swift */ = {isa = PBXFileReference; fileEncoding = 4; lastKnownFileType = sourcecode.swift; name = WorkoutCreateCoordinator.swift; path = WorkoutCounter/WorkoutCreateCoordinator.swift; sourceTree = "<group>"; };
		C462F9341EAA9E280094962C /* StoryboardCoordinator.swift */ = {isa = PBXFileReference; fileEncoding = 4; lastKnownFileType = sourcecode.swift; path = StoryboardCoordinator.swift; sourceTree = "<group>"; };
		C462F9361EAA9E540094962C /* SegueId.swift */ = {isa = PBXFileReference; fileEncoding = 4; lastKnownFileType = sourcecode.swift; path = SegueId.swift; sourceTree = "<group>"; };
		C462F9381EAB7B910094962C /* NSManagedObjectExtensions.swift */ = {isa = PBXFileReference; fileEncoding = 4; lastKnownFileType = sourcecode.swift; path = NSManagedObjectExtensions.swift; sourceTree = "<group>"; };
		C47D373D1EA219B40047C95F /* SelectUsersCoordinator.swift */ = {isa = PBXFileReference; fileEncoding = 4; lastKnownFileType = sourcecode.swift; path = SelectUsersCoordinator.swift; sourceTree = "<group>"; };
		C47D373F1EA24DE80047C95F /* CoreDataStackImp.swift */ = {isa = PBXFileReference; fileEncoding = 4; lastKnownFileType = sourcecode.swift; path = CoreDataStackImp.swift; sourceTree = "<group>"; };
		C47D37411EA250E30047C95F /* UserCreateViewController.swift */ = {isa = PBXFileReference; fileEncoding = 4; lastKnownFileType = sourcecode.swift; path = UserCreateViewController.swift; sourceTree = "<group>"; };
		C47D37441EA288AF0047C95F /* UsersViewController.swift */ = {isa = PBXFileReference; fileEncoding = 4; lastKnownFileType = sourcecode.swift; path = UsersViewController.swift; sourceTree = "<group>"; };
		C47D37491EA29FB30047C95F /* UserCell.swift */ = {isa = PBXFileReference; fileEncoding = 4; lastKnownFileType = sourcecode.swift; path = UserCell.swift; sourceTree = "<group>"; };
		C47D374B1EA29FF40047C95F /* Extensions.swift */ = {isa = PBXFileReference; fileEncoding = 4; lastKnownFileType = sourcecode.swift; path = Extensions.swift; sourceTree = "<group>"; };
		C47D374D1EA2A04D0047C95F /* CoreDataStack.swift */ = {isa = PBXFileReference; fileEncoding = 4; lastKnownFileType = sourcecode.swift; path = CoreDataStack.swift; sourceTree = "<group>"; };
		C47D37541EA2A5F40047C95F /* WorkoutCoordinator.swift */ = {isa = PBXFileReference; fileEncoding = 4; lastKnownFileType = sourcecode.swift; name = WorkoutCoordinator.swift; path = WorkoutCounter/WorkoutCoordinator.swift; sourceTree = "<group>"; };
		C47D37561EA2A60A0047C95F /* Workout.storyboard */ = {isa = PBXFileReference; fileEncoding = 4; lastKnownFileType = file.storyboard; name = Workout.storyboard; path = WorkoutCounter/Workout.storyboard; sourceTree = "<group>"; };
		C47D375A1EA2A6A80047C95F /* WorkoutsViewController.swift */ = {isa = PBXFileReference; fileEncoding = 4; lastKnownFileType = sourcecode.swift; path = WorkoutsViewController.swift; sourceTree = "<group>"; };
		C47D375C1EA2A6C20047C95F /* WorkoutCell.swift */ = {isa = PBXFileReference; fileEncoding = 4; lastKnownFileType = sourcecode.swift; path = WorkoutCell.swift; sourceTree = "<group>"; };
		C47D375E1EA2A7AD0047C95F /* WorkoutCreateViewController.swift */ = {isa = PBXFileReference; fileEncoding = 4; lastKnownFileType = sourcecode.swift; path = WorkoutCreateViewController.swift; sourceTree = "<group>"; };
		C47D37601EA3366B0047C95F /* UserCell.xib */ = {isa = PBXFileReference; fileEncoding = 4; lastKnownFileType = file.xib; path = UserCell.xib; sourceTree = "<group>"; };
		D5079C381EA616800097FD2C /* WorkoutResultViewController.swift */ = {isa = PBXFileReference; fileEncoding = 4; lastKnownFileType = sourcecode.swift; path = WorkoutResultViewController.swift; sourceTree = "<group>"; };
		D5566D9B1E9BB34E00503C91 /* WorkoutCounter.app */ = {isa = PBXFileReference; explicitFileType = wrapper.application; includeInIndex = 0; path = WorkoutCounter.app; sourceTree = BUILT_PRODUCTS_DIR; };
		D5566D9E1E9BB34E00503C91 /* AppDelegate.swift */ = {isa = PBXFileReference; lastKnownFileType = sourcecode.swift; path = AppDelegate.swift; sourceTree = "<group>"; };
		D5566DA11E9BB34E00503C91 /* WorkoutCounter.xcdatamodel */ = {isa = PBXFileReference; lastKnownFileType = wrapper.xcdatamodel; path = WorkoutCounter.xcdatamodel; sourceTree = "<group>"; };
		D5566DA31E9BB34E00503C91 /* CoreDataListViewController.swift */ = {isa = PBXFileReference; lastKnownFileType = sourcecode.swift; path = CoreDataListViewController.swift; sourceTree = "<group>"; };
		D5566DA81E9BB34E00503C91 /* Base */ = {isa = PBXFileReference; lastKnownFileType = file.storyboard; name = Base; path = Base.lproj/User.storyboard; sourceTree = "<group>"; };
		D5566DAA1E9BB34E00503C91 /* Assets.xcassets */ = {isa = PBXFileReference; lastKnownFileType = folder.assetcatalog; path = Assets.xcassets; sourceTree = "<group>"; };
		D5566DAD1E9BB34E00503C91 /* Base */ = {isa = PBXFileReference; lastKnownFileType = file.storyboard; name = Base; path = Base.lproj/LaunchScreen.storyboard; sourceTree = "<group>"; };
		D5566DAF1E9BB34E00503C91 /* Info.plist */ = {isa = PBXFileReference; lastKnownFileType = text.plist.xml; path = Info.plist; sourceTree = "<group>"; };
		F0BB3144AFF6974ED4EAD36B /* QuartzCore.framework */ = {isa = PBXFileReference; lastKnownFileType = wrapper.framework; name = QuartzCore.framework; path = System/Library/Frameworks/QuartzCore.framework; sourceTree = SDKROOT; };
		F357FD99EB705456B39642FD /* SystemConfiguration.framework */ = {isa = PBXFileReference; lastKnownFileType = wrapper.framework; name = SystemConfiguration.framework; path = System/Library/Frameworks/SystemConfiguration.framework; sourceTree = SDKROOT; };
/* End PBXFileReference section */

/* Begin PBXFrameworksBuildPhase section */
		D5566D981E9BB34E00503C91 /* Frameworks */ = {
			isa = PBXFrameworksBuildPhase;
			buildActionMask = 2147483647;
			files = (
				15B86A176683AADAD0D8E3D3 /* Pods_WorkoutCounter.framework in Frameworks */,
				CCB56C0AE0847CACF61BB51E /* AssetsLibrary.framework in Frameworks */,
				E2823863BCA5B96E850B2170 /* CoreText.framework in Frameworks */,
				70E7422BDB8CC4748BD9DFE7 /* CoreTelephony.framework in Frameworks */,
				93018845F17EBBBE5750A2FF /* SystemConfiguration.framework in Frameworks */,
				FD013A891E738E781E853D84 /* QuartzCore.framework in Frameworks */,
				75AC3B87D1EA4AA1C0A1624C /* AVFoundation.framework in Frameworks */,
				08F425EC4061477C86FF2F8F /* CoreMedia.framework in Frameworks */,
				01EA52C8885A4372883178C8 /* CoreVideo.framework in Frameworks */,
			);
			runOnlyForDeploymentPostprocessing = 0;
		};
/* End PBXFrameworksBuildPhase section */

/* Begin PBXGroup section */
		A335B14F6C53DCD1AD6BEC62 /* Pods */ = {
			isa = PBXGroup;
			children = (
				65E5B487E943284966FC1CAE /* Pods-WorkoutCounter.debug.xcconfig */,
				889342C72B06F02F20ED1AB3 /* Pods-WorkoutCounter.release.xcconfig */,
			);
			name = Pods;
			sourceTree = "<group>";
		};
		C4270E3B1EACE92700F11809 /* Activity view */ = {
			isa = PBXGroup;
			children = (
			);
			name = "Activity view";
			sourceTree = "<group>";
		};
		C4314FED249FDC1400DC443A /* Legacy */ = {
			isa = PBXGroup;
			children = (
				C47D37511EA2A5360047C95F /* Workouts */,
				C47D37431EA27A7B0047C95F /* Users */,
				C462F92F1EAA99280094962C /* Workout create */,
				C462F9241EAA90A20094962C /* Workout type */,
				C47D37461EA29F420047C95F /* Common */,
				C47D37621EA336C80047C95F /* Cells */,
				C47D374F1EA2A0640047C95F /* CoreData */,
				C44EDBC41EA6A94D00751707 /* Firebase */,
			);
			name = Legacy;
			sourceTree = "<group>";
		};
		C44EDBC41EA6A94D00751707 /* Firebase */ = {
			isa = PBXGroup;
			children = (
				C462F9271EAA91390094962C /* WorkoutTypeCoordinator.swift */,
				C462F92B1EAA94DE0094962C /* WorkoutTypesViewController.swift */,
				C462F92D1EAA95140094962C /* WorkoutTypeCell.swift */,
				C4270E3E1EACEF5E00F11809 /* WorkoutTypeCreateViewController.swift */,
				D5566DA71E9BB34E00503C91 /* User.storyboard */,
				C47D373D1EA219B40047C95F /* SelectUsersCoordinator.swift */,
				C47D37441EA288AF0047C95F /* UsersViewController.swift */,
				C47D37411EA250E30047C95F /* UserCreateViewController.swift */,
				C44EDBC51EA6A97B00751707 /* FirebaseManager+Downloading.swift */,
				C462F9381EAB7B910094962C /* NSManagedObjectExtensions.swift */,
				C4270E381EACBA8E00F11809 /* FirebaseManager+Creation.swift */,
			);
			name = Firebase;
			sourceTree = "<group>";
		};
		C44EDBCF1EA7DD7C00751707 /* Profile */ = {
			isa = PBXGroup;
			children = (
				C44EDBD01EA7DDA200751707 /* Profile.storyboard */,
				C44EDBD21EA7DDC000751707 /* ProfileCoordinator.swift */,
				C44EDBD41EA7DE3100751707 /* ProfileViewController.swift */,
			);
			name = Profile;
			sourceTree = "<group>";
		};
		C44EDBD81EA7DF5D00751707 /* Auth */ = {
			isa = PBXGroup;
			children = (
				C44EDBDE1EA7E12200751707 /* AuthCoordinator.swift */,
			);
			name = Auth;
			sourceTree = "<group>";
		};
		C44EDBD91EA7DF6E00751707 /* Root+Application */ = {
			isa = PBXGroup;
			children = (
				C44EDBDA1EA7DF8800751707 /* ApplicationCoordinator.swift */,
				C4314FE7249E3D4E00DC443A /* RootCoordinator.swift */,
			);
			name = "Root+Application";
			path = ..;
			sourceTree = "<group>";
		};
		C462F9241EAA90A20094962C /* Workout type */ = {
			isa = PBXGroup;
			children = (
				C462F9291EAA91CE0094962C /* WorkoutType.storyboard */,
			);
			name = "Workout type";
			sourceTree = "<group>";
		};
		C462F92F1EAA99280094962C /* Workout create */ = {
			isa = PBXGroup;
			children = (
				C462F9301EAA993B0094962C /* WorkoutCreate.storyboard */,
				C462F9321EAA99770094962C /* WorkoutCreateCoordinator.swift */,
				C47D375E1EA2A7AD0047C95F /* WorkoutCreateViewController.swift */,
			);
			name = "Workout create";
			path = ..;
			sourceTree = "<group>";
		};
		C47D37431EA27A7B0047C95F /* Users */ = {
			isa = PBXGroup;
			children = (
			);
			name = Users;
			sourceTree = "<group>";
		};
		C47D37461EA29F420047C95F /* Common */ = {
			isa = PBXGroup;
			children = (
				C4270E3B1EACE92700F11809 /* Activity view */,
				C47D374B1EA29FF40047C95F /* Extensions.swift */,
				C462F9361EAA9E540094962C /* SegueId.swift */,
			);
			name = Common;
			sourceTree = "<group>";
		};
		C47D374F1EA2A0640047C95F /* CoreData */ = {
			isa = PBXGroup;
			children = (
				D5566DA01E9BB34E00503C91 /* WorkoutCounter.xcdatamodeld */,
				D5566DA31E9BB34E00503C91 /* CoreDataListViewController.swift */,
				C47D374D1EA2A04D0047C95F /* CoreDataStack.swift */,
				C47D373F1EA24DE80047C95F /* CoreDataStackImp.swift */,
			);
			name = CoreData;
			sourceTree = "<group>";
		};
		C47D37501EA2A4DB0047C95F /* Supporting files */ = {
			isa = PBXGroup;
			children = (
				C44EDBC31EA68A2300751707 /* WorkoutCounter.entitlements */,
				C4314FE9249E68D300DC443A /* GoogleService-Info.plist */,
				D5566DAA1E9BB34E00503C91 /* Assets.xcassets */,
				D5566DAC1E9BB34E00503C91 /* LaunchScreen.storyboard */,
				D5566DAF1E9BB34E00503C91 /* Info.plist */,
			);
			name = "Supporting files";
			sourceTree = "<group>";
		};
		C47D37511EA2A5360047C95F /* Workouts */ = {
			isa = PBXGroup;
			children = (
				C47D37561EA2A60A0047C95F /* Workout.storyboard */,
				C47D37541EA2A5F40047C95F /* WorkoutCoordinator.swift */,
				C47D375C1EA2A6C20047C95F /* WorkoutCell.swift */,
				C47D375A1EA2A6A80047C95F /* WorkoutsViewController.swift */,
				C44EDBBD1EA3E1E500751707 /* WorkoutDetailViewController.swift */,
				C44EDBBF1EA40D8400751707 /* SessionCell.swift */,
				D5079C381EA616800097FD2C /* WorkoutResultViewController.swift */,
				C4270E421EAD3AE300F11809 /* SessionsViewController.swift */,
			);
			name = Workouts;
			path = ..;
			sourceTree = "<group>";
		};
		C47D37621EA336C80047C95F /* Cells */ = {
			isa = PBXGroup;
			children = (
				C47D37601EA3366B0047C95F /* UserCell.xib */,
				C47D37491EA29FB30047C95F /* UserCell.swift */,
			);
			name = Cells;
			sourceTree = "<group>";
		};
		CDEDF467CC6F01B1D761F91C /* Frameworks */ = {
			isa = PBXGroup;
			children = (
				3A0C79D0F6366630A3EF4964 /* Pods_WorkoutCounter.framework */,
				88261B3D6EF7EA32A14119C1 /* AssetsLibrary.framework */,
				555C8497810A22B2A21FF305 /* CoreText.framework */,
				60D81E8145EE33E5505136B3 /* CoreTelephony.framework */,
				F357FD99EB705456B39642FD /* SystemConfiguration.framework */,
				F0BB3144AFF6974ED4EAD36B /* QuartzCore.framework */,
				327E19413E5A69118891F753 /* AVFoundation.framework */,
				902C357EE4288652BF1C3C11 /* CoreMedia.framework */,
				B5E83B8E50B9D1E2006EDE82 /* CoreVideo.framework */,
			);
			name = Frameworks;
			sourceTree = "<group>";
		};
		D5566D921E9BB34E00503C91 = {
			isa = PBXGroup;
			children = (
				D5566D9D1E9BB34E00503C91 /* WorkoutCounter */,
				D5566D9C1E9BB34E00503C91 /* Products */,
				A335B14F6C53DCD1AD6BEC62 /* Pods */,
				CDEDF467CC6F01B1D761F91C /* Frameworks */,
			);
			sourceTree = "<group>";
		};
		D5566D9C1E9BB34E00503C91 /* Products */ = {
			isa = PBXGroup;
			children = (
				D5566D9B1E9BB34E00503C91 /* WorkoutCounter.app */,
			);
			name = Products;
			sourceTree = "<group>";
		};
		D5566D9D1E9BB34E00503C91 /* WorkoutCounter */ = {
			isa = PBXGroup;
			children = (
				C462F9341EAA9E280094962C /* StoryboardCoordinator.swift */,
				C44EDBDC1EA7E07600751707 /* AuthProvider.swift */,
				C4314FED249FDC1400DC443A /* Legacy */,
				C44EDBD91EA7DF6E00751707 /* Root+Application */,
				C44EDBD81EA7DF5D00751707 /* Auth */,
				C44EDBCF1EA7DD7C00751707 /* Profile */,
				C47D37501EA2A4DB0047C95F /* Supporting files */,
				D5566D9E1E9BB34E00503C91 /* AppDelegate.swift */,
				C4314FEF249FEDB400DC443A /* Extensions_.swift */,
				C4270E3C1EACE94600F11809 /* ActivityView.xib */,
			);
			path = WorkoutCounter;
			sourceTree = "<group>";
		};
/* End PBXGroup section */

/* Begin PBXNativeTarget section */
		D5566D9A1E9BB34E00503C91 /* WorkoutCounter */ = {
			isa = PBXNativeTarget;
			buildConfigurationList = D5566DB21E9BB34E00503C91 /* Build configuration list for PBXNativeTarget "WorkoutCounter" */;
			buildPhases = (
				880C4491D8340B759377AC15 /* [CP] Check Pods Manifest.lock */,
				D5566D971E9BB34E00503C91 /* Sources */,
				D5566D981E9BB34E00503C91 /* Frameworks */,
				D5566D991E9BB34E00503C91 /* Resources */,
				B062B7225F3A5A3764ED0081 /* [CP] Embed Pods Frameworks */,
				50FA825B92559AA6BA91E3F6 /* [CP] Copy Pods Resources */,
			);
			buildRules = (
			);
			dependencies = (
			);
			name = WorkoutCounter;
			productName = WorkoutCounter;
			productReference = D5566D9B1E9BB34E00503C91 /* WorkoutCounter.app */;
			productType = "com.apple.product-type.application";
		};
/* End PBXNativeTarget section */

/* Begin PBXProject section */
		D5566D931E9BB34E00503C91 /* Project object */ = {
			isa = PBXProject;
			attributes = {
				LastSwiftUpdateCheck = 0830;
				LastUpgradeCheck = 1130;
				ORGANIZATIONNAME = "Гуров Павел";
				TargetAttributes = {
					D5566D9A1E9BB34E00503C91 = {
						CreatedOnToolsVersion = 8.3;
						DevelopmentTeam = BTAP425WHN;
						LastSwiftMigration = 0830;
						ProvisioningStyle = Manual;
						SystemCapabilities = {
							com.apple.Keychain = {
								enabled = 1;
							};
						};
					};
				};
			};
			buildConfigurationList = D5566D961E9BB34E00503C91 /* Build configuration list for PBXProject "WorkoutCounter" */;
			compatibilityVersion = "Xcode 3.2";
			developmentRegion = en;
			hasScannedForEncodings = 0;
			knownRegions = (
				en,
				Base,
			);
			mainGroup = D5566D921E9BB34E00503C91;
			productRefGroup = D5566D9C1E9BB34E00503C91 /* Products */;
			projectDirPath = "";
			projectRoot = "";
			targets = (
				D5566D9A1E9BB34E00503C91 /* WorkoutCounter */,
			);
		};
/* End PBXProject section */

/* Begin PBXResourcesBuildPhase section */
		D5566D991E9BB34E00503C91 /* Resources */ = {
			isa = PBXResourcesBuildPhase;
			buildActionMask = 2147483647;
			files = (
				D5566DAE1E9BB34E00503C91 /* LaunchScreen.storyboard in Resources */,
				C44EDBD11EA7DDA200751707 /* Profile.storyboard in Resources */,
				D5566DAB1E9BB34E00503C91 /* Assets.xcassets in Resources */,
				C4314FF2249FEE9600DC443A /* ActivityView.xib in Resources */,
				C4314FEA249E68D300DC443A /* GoogleService-Info.plist in Resources */,
			);
			runOnlyForDeploymentPostprocessing = 0;
		};
/* End PBXResourcesBuildPhase section */

/* Begin PBXShellScriptBuildPhase section */
		50FA825B92559AA6BA91E3F6 /* [CP] Copy Pods Resources */ = {
			isa = PBXShellScriptBuildPhase;
			buildActionMask = 2147483647;
			files = (
			);
			inputPaths = (
				"${PODS_ROOT}/Target Support Files/Pods-WorkoutCounter/Pods-WorkoutCounter-resources.sh",
				"${PODS_CONFIGURATION_BUILD_DIR}/FirebaseUI/FirebaseAnonymousAuthUI.bundle",
				"${PODS_CONFIGURATION_BUILD_DIR}/FirebaseUI/FirebaseAuthUI.bundle",
				"${PODS_CONFIGURATION_BUILD_DIR}/FirebaseUI/FirebaseEmailAuthUI.bundle",
				"${PODS_CONFIGURATION_BUILD_DIR}/FirebaseUI/FirebaseFacebookAuthUI.bundle",
				"${PODS_CONFIGURATION_BUILD_DIR}/FirebaseUI/FirebaseGoogleAuthUI.bundle",
				"${PODS_CONFIGURATION_BUILD_DIR}/FirebaseUI/FirebaseOAuthUI.bundle",
				"${PODS_CONFIGURATION_BUILD_DIR}/FirebaseUI/FirebasePhoneAuthUI.bundle",
				"${PODS_ROOT}/GoogleSignIn/Resources/GoogleSignIn.bundle",
			);
			name = "[CP] Copy Pods Resources";
			outputPaths = (
				"${TARGET_BUILD_DIR}/${UNLOCALIZED_RESOURCES_FOLDER_PATH}/FirebaseAnonymousAuthUI.bundle",
				"${TARGET_BUILD_DIR}/${UNLOCALIZED_RESOURCES_FOLDER_PATH}/FirebaseAuthUI.bundle",
				"${TARGET_BUILD_DIR}/${UNLOCALIZED_RESOURCES_FOLDER_PATH}/FirebaseEmailAuthUI.bundle",
				"${TARGET_BUILD_DIR}/${UNLOCALIZED_RESOURCES_FOLDER_PATH}/FirebaseFacebookAuthUI.bundle",
				"${TARGET_BUILD_DIR}/${UNLOCALIZED_RESOURCES_FOLDER_PATH}/FirebaseGoogleAuthUI.bundle",
				"${TARGET_BUILD_DIR}/${UNLOCALIZED_RESOURCES_FOLDER_PATH}/FirebaseOAuthUI.bundle",
				"${TARGET_BUILD_DIR}/${UNLOCALIZED_RESOURCES_FOLDER_PATH}/FirebasePhoneAuthUI.bundle",
				"${TARGET_BUILD_DIR}/${UNLOCALIZED_RESOURCES_FOLDER_PATH}/GoogleSignIn.bundle",
			);
			runOnlyForDeploymentPostprocessing = 0;
			shellPath = /bin/sh;
			shellScript = "\"${PODS_ROOT}/Target Support Files/Pods-WorkoutCounter/Pods-WorkoutCounter-resources.sh\"\n";
			showEnvVarsInLog = 0;
		};
		880C4491D8340B759377AC15 /* [CP] Check Pods Manifest.lock */ = {
			isa = PBXShellScriptBuildPhase;
			buildActionMask = 2147483647;
			files = (
			);
			inputPaths = (
				"${PODS_PODFILE_DIR_PATH}/Podfile.lock",
				"${PODS_ROOT}/Manifest.lock",
			);
			name = "[CP] Check Pods Manifest.lock";
			outputPaths = (
				"$(DERIVED_FILE_DIR)/Pods-WorkoutCounter-checkManifestLockResult.txt",
			);
			runOnlyForDeploymentPostprocessing = 0;
			shellPath = /bin/sh;
			shellScript = "diff \"${PODS_PODFILE_DIR_PATH}/Podfile.lock\" \"${PODS_ROOT}/Manifest.lock\" > /dev/null\nif [ $? != 0 ] ; then\n    # print error to STDERR\n    echo \"error: The sandbox is not in sync with the Podfile.lock. Run 'pod install' or update your CocoaPods installation.\" >&2\n    exit 1\nfi\n# This output is used by Xcode 'outputs' to avoid re-running this script phase.\necho \"SUCCESS\" > \"${SCRIPT_OUTPUT_FILE_0}\"\n";
			showEnvVarsInLog = 0;
		};
		B062B7225F3A5A3764ED0081 /* [CP] Embed Pods Frameworks */ = {
			isa = PBXShellScriptBuildPhase;
			buildActionMask = 2147483647;
			files = (
			);
			inputPaths = (
				"${PODS_ROOT}/Target Support Files/Pods-WorkoutCounter/Pods-WorkoutCounter-frameworks.sh",
				"${BUILT_PRODUCTS_DIR}/AppAuth/AppAuth.framework",
				"${BUILT_PRODUCTS_DIR}/BoringSSL-GRPC/openssl_grpc.framework",
				"${BUILT_PRODUCTS_DIR}/FBSDKCoreKit/FBSDKCoreKit.framework",
				"${BUILT_PRODUCTS_DIR}/FBSDKLoginKit/FBSDKLoginKit.framework",
				"${BUILT_PRODUCTS_DIR}/GTMAppAuth/GTMAppAuth.framework",
				"${BUILT_PRODUCTS_DIR}/GTMSessionFetcher/GTMSessionFetcher.framework",
				"${BUILT_PRODUCTS_DIR}/GoogleUtilities/GoogleUtilities.framework",
				"${BUILT_PRODUCTS_DIR}/MBProgressHUD/MBProgressHUD.framework",
				"${BUILT_PRODUCTS_DIR}/PromisesObjC/FBLPromises.framework",
				"${BUILT_PRODUCTS_DIR}/SDWebImage/SDWebImage.framework",
				"${BUILT_PRODUCTS_DIR}/abseil/absl.framework",
				"${BUILT_PRODUCTS_DIR}/gRPC-C++/grpcpp.framework",
				"${BUILT_PRODUCTS_DIR}/gRPC-Core/grpc.framework",
				"${BUILT_PRODUCTS_DIR}/leveldb-library/leveldb.framework",
				"${BUILT_PRODUCTS_DIR}/nanopb/nanopb.framework",
			);
			name = "[CP] Embed Pods Frameworks";
			outputPaths = (
				"${TARGET_BUILD_DIR}/${FRAMEWORKS_FOLDER_PATH}/AppAuth.framework",
				"${TARGET_BUILD_DIR}/${FRAMEWORKS_FOLDER_PATH}/openssl_grpc.framework",
				"${TARGET_BUILD_DIR}/${FRAMEWORKS_FOLDER_PATH}/FBSDKCoreKit.framework",
				"${TARGET_BUILD_DIR}/${FRAMEWORKS_FOLDER_PATH}/FBSDKLoginKit.framework",
				"${TARGET_BUILD_DIR}/${FRAMEWORKS_FOLDER_PATH}/GTMAppAuth.framework",
				"${TARGET_BUILD_DIR}/${FRAMEWORKS_FOLDER_PATH}/GTMSessionFetcher.framework",
				"${TARGET_BUILD_DIR}/${FRAMEWORKS_FOLDER_PATH}/GoogleUtilities.framework",
				"${TARGET_BUILD_DIR}/${FRAMEWORKS_FOLDER_PATH}/MBProgressHUD.framework",
				"${TARGET_BUILD_DIR}/${FRAMEWORKS_FOLDER_PATH}/FBLPromises.framework",
				"${TARGET_BUILD_DIR}/${FRAMEWORKS_FOLDER_PATH}/SDWebImage.framework",
				"${TARGET_BUILD_DIR}/${FRAMEWORKS_FOLDER_PATH}/absl.framework",
				"${TARGET_BUILD_DIR}/${FRAMEWORKS_FOLDER_PATH}/grpcpp.framework",
				"${TARGET_BUILD_DIR}/${FRAMEWORKS_FOLDER_PATH}/grpc.framework",
				"${TARGET_BUILD_DIR}/${FRAMEWORKS_FOLDER_PATH}/leveldb.framework",
				"${TARGET_BUILD_DIR}/${FRAMEWORKS_FOLDER_PATH}/nanopb.framework",
			);
			runOnlyForDeploymentPostprocessing = 0;
			shellPath = /bin/sh;
			shellScript = "\"${PODS_ROOT}/Target Support Files/Pods-WorkoutCounter/Pods-WorkoutCounter-frameworks.sh\"\n";
			showEnvVarsInLog = 0;
		};
/* End PBXShellScriptBuildPhase section */

/* Begin PBXSourcesBuildPhase section */
		D5566D971E9BB34E00503C91 /* Sources */ = {
			isa = PBXSourcesBuildPhase;
			buildActionMask = 2147483647;
			files = (
				C44EDBD31EA7DDC000751707 /* ProfileCoordinator.swift in Sources */,
				C44EDBDF1EA7E12200751707 /* AuthCoordinator.swift in Sources */,
				C4314FE8249E3D4E00DC443A /* RootCoordinator.swift in Sources */,
				C4314FF0249FEDB400DC443A /* Extensions_.swift in Sources */,
				C44EDBD51EA7DE3100751707 /* ProfileViewController.swift in Sources */,
				D5566D9F1E9BB34E00503C91 /* AppDelegate.swift in Sources */,
				C4314FF1249FEE4600DC443A /* AuthProvider.swift in Sources */,
				C44EDBDB1EA7DF8800751707 /* ApplicationCoordinator.swift in Sources */,
				C4314FEE249FED8700DC443A /* StoryboardCoordinator.swift in Sources */,
			);
			runOnlyForDeploymentPostprocessing = 0;
		};
/* End PBXSourcesBuildPhase section */

/* Begin PBXVariantGroup section */
		D5566DA71E9BB34E00503C91 /* User.storyboard */ = {
			isa = PBXVariantGroup;
			children = (
				D5566DA81E9BB34E00503C91 /* Base */,
			);
			name = User.storyboard;
			sourceTree = "<group>";
		};
		D5566DAC1E9BB34E00503C91 /* LaunchScreen.storyboard */ = {
			isa = PBXVariantGroup;
			children = (
				D5566DAD1E9BB34E00503C91 /* Base */,
			);
			name = LaunchScreen.storyboard;
			sourceTree = "<group>";
		};
/* End PBXVariantGroup section */

/* Begin XCBuildConfiguration section */
		D5566DB01E9BB34E00503C91 /* Debug */ = {
			isa = XCBuildConfiguration;
			buildSettings = {
				ALWAYS_SEARCH_USER_PATHS = NO;
				CLANG_ANALYZER_LOCALIZABILITY_NONLOCALIZED = YES;
				CLANG_ANALYZER_NONNULL = YES;
				CLANG_ANALYZER_NUMBER_OBJECT_CONVERSION = YES_AGGRESSIVE;
				CLANG_CXX_LANGUAGE_STANDARD = "gnu++0x";
				CLANG_CXX_LIBRARY = "libc++";
				CLANG_ENABLE_MODULES = YES;
				CLANG_ENABLE_OBJC_ARC = YES;
				CLANG_WARN_BLOCK_CAPTURE_AUTORELEASING = YES;
				CLANG_WARN_BOOL_CONVERSION = YES;
				CLANG_WARN_COMMA = YES;
				CLANG_WARN_CONSTANT_CONVERSION = YES;
				CLANG_WARN_DEPRECATED_OBJC_IMPLEMENTATIONS = YES;
				CLANG_WARN_DIRECT_OBJC_ISA_USAGE = YES_ERROR;
				CLANG_WARN_DOCUMENTATION_COMMENTS = YES;
				CLANG_WARN_EMPTY_BODY = YES;
				CLANG_WARN_ENUM_CONVERSION = YES;
				CLANG_WARN_INFINITE_RECURSION = YES;
				CLANG_WARN_INT_CONVERSION = YES;
				CLANG_WARN_NON_LITERAL_NULL_CONVERSION = YES;
				CLANG_WARN_OBJC_IMPLICIT_RETAIN_SELF = YES;
				CLANG_WARN_OBJC_LITERAL_CONVERSION = YES;
				CLANG_WARN_OBJC_ROOT_CLASS = YES_ERROR;
				CLANG_WARN_RANGE_LOOP_ANALYSIS = YES;
				CLANG_WARN_STRICT_PROTOTYPES = YES;
				CLANG_WARN_SUSPICIOUS_MOVE = YES;
				CLANG_WARN_UNREACHABLE_CODE = YES;
				CLANG_WARN__DUPLICATE_METHOD_MATCH = YES;
				"CODE_SIGN_IDENTITY[sdk=iphoneos*]" = "iPhone Developer";
				COPY_PHASE_STRIP = NO;
				DEBUG_INFORMATION_FORMAT = dwarf;
				ENABLE_STRICT_OBJC_MSGSEND = YES;
				ENABLE_TESTABILITY = YES;
				GCC_C_LANGUAGE_STANDARD = gnu99;
				GCC_DYNAMIC_NO_PIC = NO;
				GCC_NO_COMMON_BLOCKS = YES;
				GCC_OPTIMIZATION_LEVEL = 0;
				GCC_PREPROCESSOR_DEFINITIONS = (
					"DEBUG=1",
					"$(inherited)",
				);
				GCC_WARN_64_TO_32_BIT_CONVERSION = YES;
				GCC_WARN_ABOUT_RETURN_TYPE = YES_ERROR;
				GCC_WARN_UNDECLARED_SELECTOR = YES;
				GCC_WARN_UNINITIALIZED_AUTOS = YES_AGGRESSIVE;
				GCC_WARN_UNUSED_FUNCTION = YES;
				GCC_WARN_UNUSED_VARIABLE = YES;
				IPHONEOS_DEPLOYMENT_TARGET = 13.0;
				MTL_ENABLE_DEBUG_INFO = YES;
				ONLY_ACTIVE_ARCH = YES;
				SDKROOT = iphoneos;
				SWIFT_ACTIVE_COMPILATION_CONDITIONS = DEBUG;
				SWIFT_OPTIMIZATION_LEVEL = "-Onone";
				TARGETED_DEVICE_FAMILY = "1,2";
			};
			name = Debug;
		};
		D5566DB11E9BB34E00503C91 /* Release */ = {
			isa = XCBuildConfiguration;
			buildSettings = {
				ALWAYS_SEARCH_USER_PATHS = NO;
				CLANG_ANALYZER_LOCALIZABILITY_NONLOCALIZED = YES;
				CLANG_ANALYZER_NONNULL = YES;
				CLANG_ANALYZER_NUMBER_OBJECT_CONVERSION = YES_AGGRESSIVE;
				CLANG_CXX_LANGUAGE_STANDARD = "gnu++0x";
				CLANG_CXX_LIBRARY = "libc++";
				CLANG_ENABLE_MODULES = YES;
				CLANG_ENABLE_OBJC_ARC = YES;
				CLANG_WARN_BLOCK_CAPTURE_AUTORELEASING = YES;
				CLANG_WARN_BOOL_CONVERSION = YES;
				CLANG_WARN_COMMA = YES;
				CLANG_WARN_CONSTANT_CONVERSION = YES;
				CLANG_WARN_DEPRECATED_OBJC_IMPLEMENTATIONS = YES;
				CLANG_WARN_DIRECT_OBJC_ISA_USAGE = YES_ERROR;
				CLANG_WARN_DOCUMENTATION_COMMENTS = YES;
				CLANG_WARN_EMPTY_BODY = YES;
				CLANG_WARN_ENUM_CONVERSION = YES;
				CLANG_WARN_INFINITE_RECURSION = YES;
				CLANG_WARN_INT_CONVERSION = YES;
				CLANG_WARN_NON_LITERAL_NULL_CONVERSION = YES;
				CLANG_WARN_OBJC_IMPLICIT_RETAIN_SELF = YES;
				CLANG_WARN_OBJC_LITERAL_CONVERSION = YES;
				CLANG_WARN_OBJC_ROOT_CLASS = YES_ERROR;
				CLANG_WARN_RANGE_LOOP_ANALYSIS = YES;
				CLANG_WARN_STRICT_PROTOTYPES = YES;
				CLANG_WARN_SUSPICIOUS_MOVE = YES;
				CLANG_WARN_UNREACHABLE_CODE = YES;
				CLANG_WARN__DUPLICATE_METHOD_MATCH = YES;
				"CODE_SIGN_IDENTITY[sdk=iphoneos*]" = "iPhone Developer";
				COPY_PHASE_STRIP = NO;
				DEBUG_INFORMATION_FORMAT = "dwarf-with-dsym";
				ENABLE_NS_ASSERTIONS = NO;
				ENABLE_STRICT_OBJC_MSGSEND = YES;
				GCC_C_LANGUAGE_STANDARD = gnu99;
				GCC_NO_COMMON_BLOCKS = YES;
				GCC_WARN_64_TO_32_BIT_CONVERSION = YES;
				GCC_WARN_ABOUT_RETURN_TYPE = YES_ERROR;
				GCC_WARN_UNDECLARED_SELECTOR = YES;
				GCC_WARN_UNINITIALIZED_AUTOS = YES_AGGRESSIVE;
				GCC_WARN_UNUSED_FUNCTION = YES;
				GCC_WARN_UNUSED_VARIABLE = YES;
				IPHONEOS_DEPLOYMENT_TARGET = 13.0;
				MTL_ENABLE_DEBUG_INFO = NO;
				SDKROOT = iphoneos;
				SWIFT_OPTIMIZATION_LEVEL = "-Owholemodule";
				TARGETED_DEVICE_FAMILY = "1,2";
				VALIDATE_PRODUCT = YES;
			};
			name = Release;
		};
		D5566DB31E9BB34E00503C91 /* Debug */ = {
			isa = XCBuildConfiguration;
			baseConfigurationReference = 65E5B487E943284966FC1CAE /* Pods-WorkoutCounter.debug.xcconfig */;
			buildSettings = {
				ASSETCATALOG_COMPILER_APPICON_NAME = AppIcon;
				CLANG_ENABLE_MODULES = YES;
				CODE_SIGN_ENTITLEMENTS = WorkoutCounter/WorkoutCounter.entitlements;
				"CODE_SIGN_IDENTITY[sdk=iphoneos*]" = "iPhone Developer";
				DEVELOPMENT_TEAM = BTAP425WHN;
				FRAMEWORK_SEARCH_PATHS = (
					"$(inherited)",
					"$(PROJECT_DIR)",
				);
				INFOPLIST_FILE = WorkoutCounter/Info.plist;
				IPHONEOS_DEPLOYMENT_TARGET = 13.0;
				LD_RUNPATH_SEARCH_PATHS = "$(inherited) @executable_path/Frameworks";
				PRODUCT_BUNDLE_IDENTIFIER = pegurov.WorkoutCounter;
				PRODUCT_NAME = "$(TARGET_NAME)";
				PROVISIONING_PROFILE = "5f1bcf1a-c86f-4a3e-bdbf-61190f38646c";
				PROVISIONING_PROFILE_SPECIFIER = "ENLIGHTED DEV WILDCARD";
				SWIFT_OPTIMIZATION_LEVEL = "-Onone";
				SWIFT_VERSION = 5.0;
				TARGETED_DEVICE_FAMILY = 1;
			};
			name = Debug;
		};
		D5566DB41E9BB34E00503C91 /* Release */ = {
			isa = XCBuildConfiguration;
			baseConfigurationReference = 889342C72B06F02F20ED1AB3 /* Pods-WorkoutCounter.release.xcconfig */;
			buildSettings = {
				ASSETCATALOG_COMPILER_APPICON_NAME = AppIcon;
				CLANG_ENABLE_MODULES = YES;
				CODE_SIGN_ENTITLEMENTS = WorkoutCounter/WorkoutCounter.entitlements;
				"CODE_SIGN_IDENTITY[sdk=iphoneos*]" = "iPhone Developer";
				DEVELOPMENT_TEAM = "";
				FRAMEWORK_SEARCH_PATHS = (
					"$(inherited)",
					"$(PROJECT_DIR)",
				);
				INFOPLIST_FILE = WorkoutCounter/Info.plist;
				IPHONEOS_DEPLOYMENT_TARGET = 13.0;
				LD_RUNPATH_SEARCH_PATHS = "$(inherited) @executable_path/Frameworks";
				PRODUCT_BUNDLE_IDENTIFIER = pegurov.WorkoutCounter;
				PRODUCT_NAME = "$(TARGET_NAME)";
				PROVISIONING_PROFILE = "";
				PROVISIONING_PROFILE_SPECIFIER = "";
				SWIFT_VERSION = 5.0;
				TARGETED_DEVICE_FAMILY = 1;
			};
			name = Release;
		};
/* End XCBuildConfiguration section */

/* Begin XCConfigurationList section */
		D5566D961E9BB34E00503C91 /* Build configuration list for PBXProject "WorkoutCounter" */ = {
			isa = XCConfigurationList;
			buildConfigurations = (
				D5566DB01E9BB34E00503C91 /* Debug */,
				D5566DB11E9BB34E00503C91 /* Release */,
			);
			defaultConfigurationIsVisible = 0;
			defaultConfigurationName = Release;
		};
		D5566DB21E9BB34E00503C91 /* Build configuration list for PBXNativeTarget "WorkoutCounter" */ = {
			isa = XCConfigurationList;
			buildConfigurations = (
				D5566DB31E9BB34E00503C91 /* Debug */,
				D5566DB41E9BB34E00503C91 /* Release */,
			);
			defaultConfigurationIsVisible = 0;
			defaultConfigurationName = Release;
		};
/* End XCConfigurationList section */

/* Begin XCVersionGroup section */
		D5566DA01E9BB34E00503C91 /* WorkoutCounter.xcdatamodeld */ = {
			isa = XCVersionGroup;
			children = (
				D5566DA11E9BB34E00503C91 /* WorkoutCounter.xcdatamodel */,
			);
			currentVersion = D5566DA11E9BB34E00503C91 /* WorkoutCounter.xcdatamodel */;
			path = WorkoutCounter.xcdatamodeld;
			sourceTree = "<group>";
			versionGroupType = wrapper.xcdatamodel;
		};
/* End XCVersionGroup section */
	};
	rootObject = D5566D931E9BB34E00503C91 /* Project object */;
}
